
Microsoft Visual Studio Solution File, Format Version 12.00
# Visual Studio 15
VisualStudioVersion = 15.0.26730.16
MinimumVisualStudioVersion = 10.0.40219.1
Project("{FAE04EC0-301F-11D3-BF4B-00C04F79EFBC}") = "Testing Stuff", "Testing Stuff\Testing Stuff.csproj", "{3C28D5F3-7B6B-48DC-B7E1-61400079C0ED}"
EndProject
Global
	GlobalSection(SolutionConfigurationPlatforms) = preSolution
		Debug|Any CPU = Debug|Any CPU
		Release|Any CPU = Release|Any CPU
	EndGlobalSection
	GlobalSection(ProjectConfigurationPlatforms) = postSolution
		{3C28D5F3-7B6B-48DC-B7E1-61400079C0ED}.Debug|Any CPU.ActiveCfg = Debug|Any CPU
		{3C28D5F3-7B6B-48DC-B7E1-61400079C0ED}.Debug|Any CPU.Build.0 = Debug|Any CPU
		{3C28D5F3-7B6B-48DC-B7E1-61400079C0ED}.Release|Any CPU.ActiveCfg = Release|Any CPU
		{3C28D5F3-7B6B-48DC-B7E1-61400079C0ED}.Release|Any CPU.Build.0 = Release|Any CPU
	EndGlobalSection
	GlobalSection(SolutionProperties) = preSolution
		HideSolutionNode = FALSE
	EndGlobalSection
	GlobalSection(ExtensibilityGlobals) = postSolution
		SolutionGuid = {85753308-5136-4B30-B607-8314969CB294}
	EndGlobalSection
EndGlobal
